
Microsoft Visual Studio Solution File, Format Version 12.00
# Visual Studio Version 17
VisualStudioVersion = 17.11.35312.102
MinimumVisualStudioVersion = 10.0.40219.1
Project("{FAE04EC0-301F-11D3-BF4B-00C04F79EFBC}") = "FullStack.Server", "FullStack.Server\FullStack.Server.csproj", "{92B6CAC1-4385-4876-8955-EE2830865B12}"
EndProject
Project("{54A90642-561A-4BB1-A94E-469ADEE60C69}") = "fullstack.client", "fullstack.client\fullstack.client.esproj", "{52FAEEA0-1BF9-468F-8B65-D766901B33FE}"
EndProject
Global
	GlobalSection(SolutionConfigurationPlatforms) = preSolution
		Debug|Any CPU = Debug|Any CPU
		Release|Any CPU = Release|Any CPU
	EndGlobalSection
	GlobalSection(ProjectConfigurationPlatforms) = postSolution
		{92B6CAC1-4385-4876-8955-EE2830865B12}.Debug|Any CPU.ActiveCfg = Debug|Any CPU
		{92B6CAC1-4385-4876-8955-EE2830865B12}.Debug|Any CPU.Build.0 = Debug|Any CPU
		{92B6CAC1-4385-4876-8955-EE2830865B12}.Release|Any CPU.ActiveCfg = Release|Any CPU
		{92B6CAC1-4385-4876-8955-EE2830865B12}.Release|Any CPU.Build.0 = Release|Any CPU
		{52FAEEA0-1BF9-468F-8B65-D766901B33FE}.Debug|Any CPU.ActiveCfg = Debug|Any CPU
		{52FAEEA0-1BF9-468F-8B65-D766901B33FE}.Debug|Any CPU.Build.0 = Debug|Any CPU
		{52FAEEA0-1BF9-468F-8B65-D766901B33FE}.Debug|Any CPU.Deploy.0 = Debug|Any CPU
		{52FAEEA0-1BF9-468F-8B65-D766901B33FE}.Release|Any CPU.ActiveCfg = Release|Any CPU
		{52FAEEA0-1BF9-468F-8B65-D766901B33FE}.Release|Any CPU.Build.0 = Release|Any CPU
		{52FAEEA0-1BF9-468F-8B65-D766901B33FE}.Release|Any CPU.Deploy.0 = Release|Any CPU
	EndGlobalSection
	GlobalSection(SolutionProperties) = preSolution
		HideSolutionNode = FALSE
	EndGlobalSection
	GlobalSection(ExtensibilityGlobals) = postSolution
		SolutionGuid = {B2570653-2BB3-4F26-B70F-CAD9467B8762}
	EndGlobalSection
EndGlobal
